
Microsoft Visual Studio Solution File, Format Version 12.00
# Visual Studio Version 17
VisualStudioVersion = 17.11.35219.272
MinimumVisualStudioVersion = 10.0.40219.1
Project("{FAE04EC0-301F-11D3-BF4B-00C04F79EFBC}") = "Homework_NP_3", "Homework_NP_3\Homework_NP_3.csproj", "{5D6C582B-81F3-446D-B029-E1ED8A86478D}"
EndProject
Project("{FAE04EC0-301F-11D3-BF4B-00C04F79EFBC}") = "TcpServer", "TcpServer\TcpServer.csproj", "{EE84DCDC-F677-4B80-B272-B1704C7A79F6}"
EndProject
Global
	GlobalSection(SolutionConfigurationPlatforms) = preSolution
		Debug|Any CPU = Debug|Any CPU
		Release|Any CPU = Release|Any CPU
	EndGlobalSection
	GlobalSection(ProjectConfigurationPlatforms) = postSolution
		{5D6C582B-81F3-446D-B029-E1ED8A86478D}.Debug|Any CPU.ActiveCfg = Debug|Any CPU
		{5D6C582B-81F3-446D-B029-E1ED8A86478D}.Debug|Any CPU.Build.0 = Debug|Any CPU
		{5D6C582B-81F3-446D-B029-E1ED8A86478D}.Release|Any CPU.ActiveCfg = Release|Any CPU
		{5D6C582B-81F3-446D-B029-E1ED8A86478D}.Release|Any CPU.Build.0 = Release|Any CPU
		{EE84DCDC-F677-4B80-B272-B1704C7A79F6}.Debug|Any CPU.ActiveCfg = Debug|Any CPU
		{EE84DCDC-F677-4B80-B272-B1704C7A79F6}.Debug|Any CPU.Build.0 = Debug|Any CPU
		{EE84DCDC-F677-4B80-B272-B1704C7A79F6}.Release|Any CPU.ActiveCfg = Release|Any CPU
		{EE84DCDC-F677-4B80-B272-B1704C7A79F6}.Release|Any CPU.Build.0 = Release|Any CPU
	EndGlobalSection
	GlobalSection(SolutionProperties) = preSolution
		HideSolutionNode = FALSE
	EndGlobalSection
	GlobalSection(ExtensibilityGlobals) = postSolution
		SolutionGuid = {FEB2F1F1-2C4E-45D2-B61A-966AC6FE4E93}
	EndGlobalSection
EndGlobal
